dependencies:
  esp_cam_sensor:
    dependencies: []
    source:
      path: E:\03-MS500-P4\01.code\MS500_ESP32_P4\components\esp_cam_sensor
      type: local
    version: 1.0.0
  esp_ipa:
    dependencies: []
    source:
      path: E:\03-MS500-P4\01.code\MS500_ESP32_P4\components\esp_ipa
      type: local
    version: 0.3.0~1
  esp_video:
    dependencies: []
    source:
      path: E:\03-MS500-P4\01.code\MS500_ESP32_P4\components\esp_video
      type: local
    version: 0.9.0~1
  espressif/cmake_utilities:
    component_hash: 351350613ceafba240b761b4ea991e0f231ac7a9f59a9ee901f751bddc0bb18f
    dependencies:
    - name: idf
      require: private
      version: '>=4.1'
    source:
      registry_url: https://components.espressif.com/
      type: service
    version: 0.5.3
  espressif/esp_h264:
    component_hash: fa5daaebc8a304f0b79bc57e51aab43e0a03eabc2ba3865bff4063c56b5d4564
    dependencies:
    - name: idf
      require: private
      version: '>=4.4'
    source:
      registry_url: https://components.espressif.com/
      type: service
    version: 1.0.4
  espressif/esp_sccb_intf:
    component_hash: 71e3def402f6193a23c599bdde4fa0b544ca2b1f63608b6d0ec2bee3cd9a1c33
    dependencies:
    - name: idf
      require: private
      version: '>=5.3'
    source:
      registry_url: https://components.espressif.com/
      type: service
    version: 0.0.5
  espressif/tinyusb:
    component_hash: 10703da2c3cd39a944711ee3d320c6dda54debabf13b4b933a7c90daf102372b
    dependencies:
    - name: idf
      require: private
      version: '>=5.0'
    source:
      registry_url: https://components.espressif.com/
      type: service
    targets:
    - esp32s2
    - esp32s3
    - esp32p4
    version: 0.18.0~2
  idf:
    source:
      type: idf
    version: 5.4.0
  usb_device_uvc:
    dependencies: []
    source:
      path: E:\03-MS500-P4\01.code\MS500_ESP32_P4\components\usb_device_uvc
      type: local
    version: 1.1.2
direct_dependencies:
- esp_cam_sensor
- esp_ipa
- esp_video
- espressif/cmake_utilities
- espressif/esp_h264
- espressif/esp_sccb_intf
- espressif/tinyusb
- idf
- usb_device_uvc
manifest_hash: 09df215b2c7a50af2a54097b6ac75dbb0d6347d13932c328e2db92701549a16c
target: esp32p4
version: 2.0.0
